
Microsoft Visual Studio Solution File, Format Version 12.00
# Visual Studio Version 17
VisualStudioVersion = 17.6.33815.320
MinimumVisualStudioVersion = 10.0.40219.1
Project("{2150E333-8FDC-42A3-9474-1A3956D46DE8}") = "src", "src", "{F91AE127-A03B-49C8-87CF-5AE26D0151C8}"
EndProject
Project("{2150E333-8FDC-42A3-9474-1A3956D46DE8}") = "tests", "tests", "{F7C5970E-5D56-429D-BE49-8916007ECE32}"
EndProject
Project("{2150E333-8FDC-42A3-9474-1A3956D46DE8}") = "docs", "docs", "{BE9A957E-FE1A-4049-A44F-0DC07F4437F3}"
	ProjectSection(SolutionItems) = preProject
		docs\Doc.md = docs\Doc.md
	EndProjectSection
EndProject
Project("{2150E333-8FDC-42A3-9474-1A3956D46DE8}") = "Solution Items", "Solution Items", "{9B2F63BA-2789-4224-B102-945F1D966B0E}"
	ProjectSection(SolutionItems) = preProject
		.editorconfig = .editorconfig
		Directory.Build.Props = Directory.Build.Props
		README.md = README.md
	EndProjectSection
EndProject
Project("{9A19103F-16F7-4668-BE54-9A1E7A4F7556}") = "PaginatedSearchAndFilter", "src\PaginatedFilterAndSearch\PaginatedSearchAndFilter.csproj", "{69A53B0F-3DAD-43E4-A228-DCEFDE74234F}"
EndProject
Project("{2150E333-8FDC-42A3-9474-1A3956D46DE8}") = "assets", "assets", "{F6907A66-F1BA-434A-A144-304852BC941B}"
	ProjectSection(SolutionItems) = preProject
		assets\logo.png = assets\logo.png
	EndProjectSection
EndProject
Project("{FAE04EC0-301F-11D3-BF4B-00C04F79EFBC}") = "PaginatedSearchAndFilter.Tests", "tests\PaginatedSearchAndFilter.Tests\PaginatedSearchAndFilter.Tests.csproj", "{AC762B76-05E8-4EDA-A349-5DDA7B585DBA}"
EndProject
Global
	GlobalSection(SolutionConfigurationPlatforms) = preSolution
		Debug|Any CPU = Debug|Any CPU
		Release|Any CPU = Release|Any CPU
	EndGlobalSection
	GlobalSection(ProjectConfigurationPlatforms) = postSolution
		{69A53B0F-3DAD-43E4-A228-DCEFDE74234F}.Debug|Any CPU.ActiveCfg = Debug|Any CPU
		{69A53B0F-3DAD-43E4-A228-DCEFDE74234F}.Debug|Any CPU.Build.0 = Debug|Any CPU
		{69A53B0F-3DAD-43E4-A228-DCEFDE74234F}.Release|Any CPU.ActiveCfg = Release|Any CPU
		{69A53B0F-3DAD-43E4-A228-DCEFDE74234F}.Release|Any CPU.Build.0 = Release|Any CPU
		{AC762B76-05E8-4EDA-A349-5DDA7B585DBA}.Debug|Any CPU.ActiveCfg = Debug|Any CPU
		{AC762B76-05E8-4EDA-A349-5DDA7B585DBA}.Debug|Any CPU.Build.0 = Debug|Any CPU
		{AC762B76-05E8-4EDA-A349-5DDA7B585DBA}.Release|Any CPU.ActiveCfg = Release|Any CPU
		{AC762B76-05E8-4EDA-A349-5DDA7B585DBA}.Release|Any CPU.Build.0 = Release|Any CPU
	EndGlobalSection
	GlobalSection(SolutionProperties) = preSolution
		HideSolutionNode = FALSE
	EndGlobalSection
	GlobalSection(NestedProjects) = preSolution
		{69A53B0F-3DAD-43E4-A228-DCEFDE74234F} = {F91AE127-A03B-49C8-87CF-5AE26D0151C8}
		{AC762B76-05E8-4EDA-A349-5DDA7B585DBA} = {F7C5970E-5D56-429D-BE49-8916007ECE32}
	EndGlobalSection
	GlobalSection(ExtensibilityGlobals) = postSolution
		SolutionGuid = {F940B78B-4F01-4DB7-9A68-D558378E1E4C}
	EndGlobalSection
EndGlobal
